// !$*UTF8*$!
{
	archiveVersion = 1;
	classes = {
	};
	objectVersion = 46;
	objects = {

/* Begin PBXBuildFile section */
		5DC344FC1D18DA8E005AC289 /* main.m in Sources */ = {isa = PBXBuildFile; fileRef = 5DC344FB1D18DA8E005AC289 /* main.m */; };
		5DC344FF1D18DA8E005AC289 /* AppDelegate.m in Sources */ = {isa = PBXBuildFile; fileRef = 5DC344FE1D18DA8E005AC289 /* AppDelegate.m */; };
		5DC345021D18DA8E005AC289 /* ViewController.m in Sources */ = {isa = PBXBuildFile; fileRef = 5DC345011D18DA8E005AC289 /* ViewController.m */; };
		5DC345051D18DA8E005AC289 /* Main.storyboard in Resources */ = {isa = PBXBuildFile; fileRef = 5DC345031D18DA8E005AC289 /* Main.storyboard */; };
		5DC345071D18DA8E005AC289 /* Assets.xcassets in Resources */ = {isa = PBXBuildFile; fileRef = 5DC345061D18DA8E005AC289 /* Assets.xcassets */; };
		5DC3450A1D18DA8E005AC289 /* LaunchScreen.storyboard in Resources */ = {isa = PBXBuildFile; fileRef = 5DC345081D18DA8E005AC289 /* LaunchScreen.storyboard */; };
		5DC345151D18DA8E005AC289 /* BluetoothTestTests.m in Sources */ = {isa = PBXBuildFile; fileRef = 5DC345141D18DA8E005AC289 /* BluetoothTestTests.m */; };
		5DC345201D18DA8E005AC289 /* BluetoothTestUITests.m in Sources */ = {isa = PBXBuildFile; fileRef = 5DC3451F1D18DA8E005AC289 /* BluetoothTestUITests.m */; };
/* End PBXBuildFile section */

/* Begin PBXContainerItemProxy section */
		5DC345111D18DA8E005AC289 /* PBXContainerItemProxy */ = {
			isa = PBXContainerItemProxy;
			containerPortal = 5DC344EF1D18DA8E005AC289 /* Project object */;
			proxyType = 1;
			remoteGlobalIDString = 5DC344F61D18DA8E005AC289;
			remoteInfo = BluetoothTest;
		};
		5DC3451C1D18DA8E005AC289 /* PBXContainerItemProxy */ = {
			isa = PBXContainerItemProxy;
			containerPortal = 5DC344EF1D18DA8E005AC289 /* Project object */;
			proxyType = 1;
			remoteGlobalIDString = 5DC344F61D18DA8E005AC289;
			remoteInfo = BluetoothTest;
		};
/* End PBXContainerItemProxy section */

/* Begin PBXFileReference section */
		5DC344F71D18DA8E005AC289 /* BluetoothTest.app */ = {isa = PBXFileReference; explicitFileType = wrapper.application; includeInIndex = 0; path = BluetoothTest.app; sourceTree = BUILT_PRODUCTS_DIR; };
		5DC344FB1D18DA8E005AC289 /* main.m */ = {isa = PBXFileReference; lastKnownFileType = sourcecode.c.objc; path = main.m; sourceTree = "<group>"; };
		5DC344FD1D18DA8E005AC289 /* AppDelegate.h */ = {isa = PBXFileReference; lastKnownFileType = sourcecode.c.h; path = AppDelegate.h; sourceTree = "<group>"; };
		5DC344FE1D18DA8E005AC289 /* AppDelegate.m */ = {isa = PBXFileReference; lastKnownFileType = sourcecode.c.objc; path = AppDelegate.m; sourceTree = "<group>"; };
		5DC345001D18DA8E005AC289 /* ViewController.h */ = {isa = PBXFileReference; lastKnownFileType = sourcecode.c.h; path = ViewController.h; sourceTree = "<group>"; };
		5DC345011D18DA8E005AC289 /* ViewController.m */ = {isa = PBXFileReference; lastKnownFileType = sourcecode.c.objc; path = ViewController.m; sourceTree = "<group>"; };
		5DC345041D18DA8E005AC289 /* Base */ = {isa = PBXFileReference; lastKnownFileType = file.storyboard; name = Base; path = Base.lproj/Main.storyboard; sourceTree = "<group>"; };
		5DC345061D18DA8E005AC289 /* Assets.xcassets */ = {isa = PBXFileReference; lastKnownFileType = folder.assetcatalog; path = Assets.xcassets; sourceTree = "<group>"; };
		5DC345091D18DA8E005AC289 /* Base */ = {isa = PBXFileReference; lastKnownFileType = file.storyboard; name = Base; path = Base.lproj/LaunchScreen.storyboard; sourceTree = "<group>"; };
		5DC3450B1D18DA8E005AC289 /* Info.plist */ = {isa = PBXFileReference; lastKnownFileType = text.plist.xml; path = Info.plist; sourceTree = "<group>"; };
		5DC345101D18DA8E005AC289 /* BluetoothTestTests.xctest */ = {isa = PBXFileReference; explicitFileType = wrapper.cfbundle; includeInIndex = 0; path = BluetoothTestTests.xctest; sourceTree = BUILT_PRODUCTS_DIR; };
		5DC345141D18DA8E005AC289 /* BluetoothTestTests.m */ = {isa = PBXFileReference; lastKnownFileType = sourcecode.c.objc; path = BluetoothTestTests.m; sourceTree = "<group>"; };
		5DC345161D18DA8E005AC289 /* Info.plist */ = {isa = PBXFileReference; lastKnownFileType = text.plist.xml; path = Info.plist; sourceTree = "<group>"; };
		5DC3451B1D18DA8E005AC289 /* BluetoothTestUITests.xctest */ = {isa = PBXFileReference; explicitFileType = wrapper.cfbundle; includeInIndex = 0; path = BluetoothTestUITests.xctest; sourceTree = BUILT_PRODUCTS_DIR; };
		5DC3451F1D18DA8E005AC289 /* BluetoothTestUITests.m */ = {isa = PBXFileReference; lastKnownFileType = sourcecode.c.objc; path = BluetoothTestUITests.m; sourceTree = "<group>"; };
		5DC345211D18DA8E005AC289 /* Info.plist */ = {isa = PBXFileReference; lastKnownFileType = text.plist.xml; path = Info.plist; sourceTree = "<group>"; };
/* End PBXFileReference section */

/* Begin PBXFrameworksBuildPhase section */
		5DC344F41D18DA8E005AC289 /* Frameworks */ = {
			isa = PBXFrameworksBuildPhase;
			buildActionMask = 2147483647;
			files = (
			);
			runOnlyForDeploymentPostprocessing = 0;
		};
		5DC3450D1D18DA8E005AC289 /* Frameworks */ = {
			isa = PBXFrameworksBuildPhase;
			buildActionMask = 2147483647;
			files = (
			);
			runOnlyForDeploymentPostprocessing = 0;
		};
		5DC345181D18DA8E005AC289 /* Frameworks */ = {
			isa = PBXFrameworksBuildPhase;
			buildActionMask = 2147483647;
			files = (
			);
			runOnlyForDeploymentPostprocessing = 0;
		};
/* End PBXFrameworksBuildPhase section */

/* Begin PBXGroup section */
		5DC344EE1D18DA8E005AC289 = {
			isa = PBXGroup;
			children = (
				5DC344F91D18DA8E005AC289 /* BluetoothTest */,
				5DC345131D18DA8E005AC289 /* BluetoothTestTests */,
				5DC3451E1D18DA8E005AC289 /* BluetoothTestUITests */,
				5DC344F81D18DA8E005AC289 /* Products */,
			);
			sourceTree = "<group>";
		};
		5DC344F81D18DA8E005AC289 /* Products */ = {
			isa = PBXGroup;
			children = (
				5DC344F71D18DA8E005AC289 /* BluetoothTest.app */,
				5DC345101D18DA8E005AC289 /* BluetoothTestTests.xctest */,
				5DC3451B1D18DA8E005AC289 /* BluetoothTestUITests.xctest */,
			);
			name = Products;
			sourceTree = "<group>";
		};
		5DC344F91D18DA8E005AC289 /* BluetoothTest */ = {
			isa = PBXGroup;
			children = (
				5DC344FD1D18DA8E005AC289 /* AppDelegate.h */,
				5DC344FE1D18DA8E005AC289 /* AppDelegate.m */,
				5DC345001D18DA8E005AC289 /* ViewController.h */,
				5DC345011D18DA8E005AC289 /* ViewController.m */,
				5DC345031D18DA8E005AC289 /* Main.storyboard */,
				5DC345061D18DA8E005AC289 /* Assets.xcassets */,
				5DC345081D18DA8E005AC289 /* LaunchScreen.storyboard */,
				5DC3450B1D18DA8E005AC289 /* Info.plist */,
				5DC344FA1D18DA8E005AC289 /* Supporting Files */,
			);
			path = BluetoothTest;
			sourceTree = "<group>";
		};
		5DC344FA1D18DA8E005AC289 /* Supporting Files */ = {
			isa = PBXGroup;
			children = (
				5DC344FB1D18DA8E005AC289 /* main.m */,
			);
			name = "Supporting Files";
			sourceTree = "<group>";
		};
		5DC345131D18DA8E005AC289 /* BluetoothTestTests */ = {
			isa = PBXGroup;
			children = (
				5DC345141D18DA8E005AC289 /* BluetoothTestTests.m */,
				5DC345161D18DA8E005AC289 /* Info.plist */,
			);
			path = BluetoothTestTests;
			sourceTree = "<group>";
		};
		5DC3451E1D18DA8E005AC289 /* BluetoothTestUITests */ = {
			isa = PBXGroup;
			children = (
				5DC3451F1D18DA8E005AC289 /* BluetoothTestUITests.m */,
				5DC345211D18DA8E005AC289 /* Info.plist */,
			);
			path = BluetoothTestUITests;
			sourceTree = "<group>";
		};
/* End PBXGroup section */

/* Begin PBXNativeTarget section */
		5DC344F61D18DA8E005AC289 /* BluetoothTest */ = {
			isa = PBXNativeTarget;
			buildConfigurationList = 5DC345241D18DA8E005AC289 /* Build configuration list for PBXNativeTarget "BluetoothTest" */;
			buildPhases = (
				5DC344F31D18DA8E005AC289 /* Sources */,
				5DC344F41D18DA8E005AC289 /* Frameworks */,
				5DC344F51D18DA8E005AC289 /* Resources */,
			);
			buildRules = (
			);
			dependencies = (
			);
			name = BluetoothTest;
			productName = BluetoothTest;
			productReference = 5DC344F71D18DA8E005AC289 /* BluetoothTest.app */;
			productType = "com.apple.product-type.application";
		};
		5DC3450F1D18DA8E005AC289 /* BluetoothTestTests */ = {
			isa = PBXNativeTarget;
			buildConfigurationList = 5DC345271D18DA8E005AC289 /* Build configuration list for PBXNativeTarget "BluetoothTestTests" */;
			buildPhases = (
				5DC3450C1D18DA8E005AC289 /* Sources */,
				5DC3450D1D18DA8E005AC289 /* Frameworks */,
				5DC3450E1D18DA8E005AC289 /* Resources */,
			);
			buildRules = (
			);
			dependencies = (
				5DC345121D18DA8E005AC289 /* PBXTargetDependency */,
			);
			name = BluetoothTestTests;
			productName = BluetoothTestTests;
			productReference = 5DC345101D18DA8E005AC289 /* BluetoothTestTests.xctest */;
			productType = "com.apple.product-type.bundle.unit-test";
		};
		5DC3451A1D18DA8E005AC289 /* BluetoothTestUITests */ = {
			isa = PBXNativeTarget;
			buildConfigurationList = 5DC3452A1D18DA8E005AC289 /* Build configuration list for PBXNativeTarget "BluetoothTestUITests" */;
			buildPhases = (
				5DC345171D18DA8E005AC289 /* Sources */,
				5DC345181D18DA8E005AC289 /* Frameworks */,
				5DC345191D18DA8E005AC289 /* Resources */,
			);
			buildRules = (
			);
			dependencies = (
				5DC3451D1D18DA8E005AC289 /* PBXTargetDependency */,
			);
			name = BluetoothTestUITests;
			productName = BluetoothTestUITests;
			productReference = 5DC3451B1D18DA8E005AC289 /* BluetoothTestUITests.xctest */;
			productType = "com.apple.product-type.bundle.ui-testing";
		};
/* End PBXNativeTarget section */

/* Begin PBXProject section */
		5DC344EF1D18DA8E005AC289 /* Project object */ = {
			isa = PBXProject;
			attributes = {
				LastUpgradeCheck = 0730;
				ORGANIZATIONNAME = "姬巧春";
				TargetAttributes = {
					5DC344F61D18DA8E005AC289 = {
						CreatedOnToolsVersion = 7.3;
					};
					5DC3450F1D18DA8E005AC289 = {
						CreatedOnToolsVersion = 7.3;
						TestTargetID = 5DC344F61D18DA8E005AC289;
					};
					5DC3451A1D18DA8E005AC289 = {
						CreatedOnToolsVersion = 7.3;
						TestTargetID = 5DC344F61D18DA8E005AC289;
					};
				};
			};
			buildConfigurationList = 5DC344F21D18DA8E005AC289 /* Build configuration list for PBXProject "BluetoothTest" */;
			compatibilityVersion = "Xcode 3.2";
			developmentRegion = English;
			hasScannedForEncodings = 0;
			knownRegions = (
				en,
				Base,
			);
			mainGroup = 5DC344EE1D18DA8E005AC289;
			productRefGroup = 5DC344F81D18DA8E005AC289 /* Products */;
			projectDirPath = "";
			projectRoot = "";
			targets = (
				5DC344F61D18DA8E005AC289 /* BluetoothTest */,
				5DC3450F1D18DA8E005AC289 /* BluetoothTestTests */,
				5DC3451A1D18DA8E005AC289 /* BluetoothTestUITests */,
			);
		};
/* End PBXProject section */

/* Begin PBXResourcesBuildPhase section */
		5DC344F51D18DA8E005AC289 /* Resources */ = {
			isa = PBXResourcesBuildPhase;
			buildActionMask = 2147483647;
			files = (
				5DC3450A1D18DA8E005AC289 /* LaunchScreen.storyboard in Resources */,
				5DC345071D18DA8E005AC289 /* Assets.xcassets in Resources */,
				5DC345051D18DA8E005AC289 /* Main.storyboard in Resources */,
			);
			runOnlyForDeploymentPostprocessing = 0;
		};
		5DC3450E1D18DA8E005AC289 /* Resources */ = {
			isa = PBXResourcesBuildPhase;
			buildActionMask = 2147483647;
			files = (
			);
			runOnlyForDeploymentPostprocessing = 0;
		};
		5DC345191D18DA8E005AC289 /* Resources */ = {
			isa = PBXResourcesBuildPhase;
			buildActionMask = 2147483647;
			files = (
			);
			runOnlyForDeploymentPostprocessing = 0;
		};
/* End PBXResourcesBuildPhase section */

/* Begin PBXSourcesBuildPhase section */
		5DC344F31D18DA8E005AC289 /* Sources */ = {
			isa = PBXSourcesBuildPhase;
			buildActionMask = 2147483647;
			files = (
				5DC345021D18DA8E005AC289 /* ViewController.m in Sources */,
				5DC344FF1D18DA8E005AC289 /* AppDelegate.m in Sources */,
				5DC344FC1D18DA8E005AC289 /* main.m in Sources */,
			);
			runOnlyForDeploymentPostprocessing = 0;
		};
		5DC3450C1D18DA8E005AC289 /* Sources */ = {
			isa = PBXSourcesBuildPhase;
			buildActionMask = 2147483647;
			files = (
				5DC345151D18DA8E005AC289 /* BluetoothTestTests.m in Sources */,
			);
			runOnlyForDeploymentPostprocessing = 0;
		};
		5DC345171D18DA8E005AC289 /* Sources */ = {
			isa = PBXSourcesBuildPhase;
			buildActionMask = 2147483647;
			files = (
				5DC345201D18DA8E005AC289 /* BluetoothTestUITests.m in Sources */,
			);
			runOnlyForDeploymentPostprocessing = 0;
		};
/* End PBXSourcesBuildPhase section */

/* Begin PBXTargetDependency section */
		5DC345121D18DA8E005AC289 /* PBXTargetDependency */ = {
			isa = PBXTargetDependency;
			target = 5DC344F61D18DA8E005AC289 /* BluetoothTest */;
			targetProxy = 5DC345111D18DA8E005AC289 /* PBXContainerItemProxy */;
		};
		5DC3451D1D18DA8E005AC289 /* PBXTargetDependency */ = {
			isa = PBXTargetDependency;
			target = 5DC344F61D18DA8E005AC289 /* BluetoothTest */;
			targetProxy = 5DC3451C1D18DA8E005AC289 /* PBXContainerItemProxy */;
		};
/* End PBXTargetDependency section */

/* Begin PBXVariantGroup section */
		5DC345031D18DA8E005AC289 /* Main.storyboard */ = {
			isa = PBXVariantGroup;
			children = (
				5DC345041D18DA8E005AC289 /* Base */,
			);
			name = Main.storyboard;
			sourceTree = "<group>";
		};
		5DC345081D18DA8E005AC289 /* LaunchScreen.storyboard */ = {
			isa = PBXVariantGroup;
			children = (
				5DC345091D18DA8E005AC289 /* Base */,
			);
			name = LaunchScreen.storyboard;
			sourceTree = "<group>";
		};
/* End PBXVariantGroup section */

/* Begin XCBuildConfiguration section */
		5DC345221D18DA8E005AC289 /* Debug */ = {
			isa = XCBuildConfiguration;
			buildSettings = {
				ALWAYS_SEARCH_USER_PATHS = NO;
				CLANG_ANALYZER_NONNULL = YES;
				CLANG_CXX_LANGUAGE_STANDARD = "gnu++0x";
				CLANG_CXX_LIBRARY = "libc++";
				CLANG_ENABLE_MODULES = YES;
				CLANG_ENABLE_OBJC_ARC = YES;
				CLANG_WARN_BOOL_CONVERSION = YES;
				CLANG_WARN_CONSTANT_CONVERSION = YES;
				CLANG_WARN_DIRECT_OBJC_ISA_USAGE = YES_ERROR;
				CLANG_WARN_EMPTY_BODY = YES;
				CLANG_WARN_ENUM_CONVERSION = YES;
				CLANG_WARN_INT_CONVERSION = YES;
				CLANG_WARN_OBJC_ROOT_CLASS = YES_ERROR;
				CLANG_WARN_UNREACHABLE_CODE = YES;
				CLANG_WARN__DUPLICATE_METHOD_MATCH = YES;
				"CODE_SIGN_IDENTITY[sdk=iphoneos*]" = "iPhone Developer";
				COPY_PHASE_STRIP = NO;
				DEBUG_INFORMATION_FORMAT = dwarf;
				ENABLE_STRICT_OBJC_MSGSEND = YES;
				ENABLE_TESTABILITY = YES;
				GCC_C_LANGUAGE_STANDARD = gnu99;
				GCC_DYNAMIC_NO_PIC = NO;
				GCC_NO_COMMON_BLOCKS = YES;
				GCC_OPTIMIZATION_LEVEL = 0;
				GCC_PREPROCESSOR_DEFINITIONS = (
					"DEBUG=1",
					"$(inherited)",
				);
				GCC_WARN_64_TO_32_BIT_CONVERSION = YES;
				GCC_WARN_ABOUT_RETURN_TYPE = YES_ERROR;
				GCC_WARN_UNDECLARED_SELECTOR = YES;
				GCC_WARN_UNINITIALIZED_AUTOS = YES_AGGRESSIVE;
				GCC_WARN_UNUSED_FUNCTION = YES;
				GCC_WARN_UNUSED_VARIABLE = YES;
				IPHONEOS_DEPLOYMENT_TARGET = 9.3;
				MTL_ENABLE_DEBUG_INFO = YES;
				ONLY_ACTIVE_ARCH = YES;
				SDKROOT = iphoneos;
				TARGETED_DEVICE_FAMILY = "1,2";
			};
			name = Debug;
		};
		5DC345231D18DA8E005AC289 /* Release */ = {
			isa = XCBuildConfiguration;
			buildSettings = {
				ALWAYS_SEARCH_USER_PATHS = NO;
				CLANG_ANALYZER_NONNULL = YES;
				CLANG_CXX_LANGUAGE_STANDARD = "gnu++0x";
				CLANG_CXX_LIBRARY = "libc++";
				CLANG_ENABLE_MODULES = YES;
				CLANG_ENABLE_OBJC_ARC = YES;
				CLANG_WARN_BOOL_CONVERSION = YES;
				CLANG_WARN_CONSTANT_CONVERSION = YES;
				CLANG_WARN_DIRECT_OBJC_ISA_USAGE = YES_ERROR;
				CLANG_WARN_EMPTY_BODY = YES;
				CLANG_WARN_ENUM_CONVERSION = YES;
				CLANG_WARN_INT_CONVERSION = YES;
				CLANG_WARN_OBJC_ROOT_CLASS = YES_ERROR;
				CLANG_WARN_UNREACHABLE_CODE = YES;
				CLANG_WARN__DUPLICATE_METHOD_MATCH = YES;
				"CODE_SIGN_IDENTITY[sdk=iphoneos*]" = "iPhone Developer";
				COPY_PHASE_STRIP = NO;
				DEBUG_INFORMATION_FORMAT = "dwarf-with-dsym";
				ENABLE_NS_ASSERTIONS = NO;
				ENABLE_STRICT_OBJC_MSGSEND = YES;
				GCC_C_LANGUAGE_STANDARD = gnu99;
				GCC_NO_COMMON_BLOCKS = YES;
				GCC_WARN_64_TO_32_BIT_CONVERSION = YES;
				GCC_WARN_ABOUT_RETURN_TYPE = YES_ERROR;
				GCC_WARN_UNDECLARED_SELECTOR = YES;
				GCC_WARN_UNINITIALIZED_AUTOS = YES_AGGRESSIVE;
				GCC_WARN_UNUSED_FUNCTION = YES;
				GCC_WARN_UNUSED_VARIABLE = YES;
				IPHONEOS_DEPLOYMENT_TARGET = 9.3;
				MTL_ENABLE_DEBUG_INFO = NO;
				SDKROOT = iphoneos;
				TARGETED_DEVICE_FAMILY = "1,2";
				VALIDATE_PRODUCT = YES;
			};
			name = Release;
		};
		5DC345251D18DA8E005AC289 /* Debug */ = {
			isa = XCBuildConfiguration;
			buildSettings = {
				ASSETCATALOG_COMPILER_APPICON_NAME = AppIcon;
				INFOPLIST_FILE = BluetoothTest/Info.plist;
				LD_RUNPATH_SEARCH_PATHS = "$(inherited) @executable_path/Frameworks";
				PRODUCT_BUNDLE_IDENTIFIER = com.zhidoushi.BluetoothTest;
				PRODUCT_NAME = "$(TARGET_NAME)";
			};
			name = Debug;
		};
		5DC345261D18DA8E005AC289 /* Release */ = {
			isa = XCBuildConfiguration;
			buildSettings = {
				ASSETCATALOG_COMPILER_APPICON_NAME = AppIcon;
				INFOPLIST_FILE = BluetoothTest/Info.plist;
				LD_RUNPATH_SEARCH_PATHS = "$(inherited) @executable_path/Frameworks";
				PRODUCT_BUNDLE_IDENTIFIER = com.zhidoushi.BluetoothTest;
				PRODUCT_NAME = "$(TARGET_NAME)";
			};
			name = Release;
		};
		5DC345281D18DA8E005AC289 /* Debug */ = {
			isa = XCBuildConfiguration;
			buildSettings = {
				BUNDLE_LOADER = "$(TEST_HOST)";
				INFOPLIST_FILE = BluetoothTestTests/Info.plist;
				LD_RUNPATH_SEARCH_PATHS = "$(inherited) @executable_path/Frameworks @loader_path/Frameworks";
				PRODUCT_BUNDLE_IDENTIFIER = com.zhidoushi.BluetoothTestTests;
				PRODUCT_NAME = "$(TARGET_NAME)";
				TEST_HOST = "$(BUILT_PRODUCTS_DIR)/BluetoothTest.app/BluetoothTest";
			};
			name = Debug;
		};
		5DC345291D18DA8E005AC289 /* Release */ = {
			isa = XCBuildConfiguration;
			buildSettings = {
				BUNDLE_LOADER = "$(TEST_HOST)";
				INFOPLIST_FILE = BluetoothTestTests/Info.plist;
				LD_RUNPATH_SEARCH_PATHS = "$(inherited) @executable_path/Frameworks @loader_path/Frameworks";
				PRODUCT_BUNDLE_IDENTIFIER = com.zhidoushi.BluetoothTestTests;
				PRODUCT_NAME = "$(TARGET_NAME)";
				TEST_HOST = "$(BUILT_PRODUCTS_DIR)/BluetoothTest.app/BluetoothTest";
			};
			name = Release;
		};
		5DC3452B1D18DA8E005AC289 /* Debug */ = {
			isa = XCBuildConfiguration;
			buildSettings = {
				INFOPLIST_FILE = BluetoothTestUITests/Info.plist;
				LD_RUNPATH_SEARCH_PATHS = "$(inherited) @executable_path/Frameworks @loader_path/Frameworks";
				PRODUCT_BUNDLE_IDENTIFIER = com.zhidoushi.BluetoothTestUITests;
				PRODUCT_NAME = "$(TARGET_NAME)";
				TEST_TARGET_NAME = BluetoothTest;
			};
			name = Debug;
		};
		5DC3452C1D18DA8E005AC289 /* Release */ = {
			isa = XCBuildConfiguration;
			buildSettings = {
				INFOPLIST_FILE = BluetoothTestUITests/Info.plist;
				LD_RUNPATH_SEARCH_PATHS = "$(inherited) @executable_path/Frameworks @loader_path/Frameworks";
				PRODUCT_BUNDLE_IDENTIFIER = com.zhidoushi.BluetoothTestUITests;
				PRODUCT_NAME = "$(TARGET_NAME)";
				TEST_TARGET_NAME = BluetoothTest;
			};
			name = Release;
		};
/* End XCBuildConfiguration section */

/* Begin XCConfigurationList section */
		5DC344F21D18DA8E005AC289 /* Build configuration list for PBXProject "BluetoothTest" */ = {
			isa = XCConfigurationList;
			buildConfigurations = (
				5DC345221D18DA8E005AC289 /* Debug */,
				5DC345231D18DA8E005AC289 /* Release */,
			);
			defaultConfigurationIsVisible = 0;
			defaultConfigurationName = Release;
		};
		5DC345241D18DA8E005AC289 /* Build configuration list for PBXNativeTarget "BluetoothTest" */ = {
			isa = XCConfigurationList;
			buildConfigurations = (
				5DC345251D18DA8E005AC289 /* Debug */,
				5DC345261D18DA8E005AC289 /* Release */,
			);
			defaultConfigurationIsVisible = 0;
		};
		5DC345271D18DA8E005AC289 /* Build configuration list for PBXNativeTarget "BluetoothTestTests" */ = {
			isa = XCConfigurationList;
			buildConfigurations = (
				5DC345281D18DA8E005AC289 /* Debug */,
				5DC345291D18DA8E005AC289 /* Release */,
			);
			defaultConfigurationIsVisible = 0;
		};
		5DC3452A1D18DA8E005AC289 /* Build configuration list for PBXNativeTarget "BluetoothTestUITests" */ = {
			isa = XCConfigurationList;
			buildConfigurations = (
				5DC3452B1D18DA8E005AC289 /* Debug */,
				5DC3452C1D18DA8E005AC289 /* Release */,
			);
			defaultConfigurationIsVisible = 0;
		};
/* End XCConfigurationList section */
	};
	rootObject = 5DC344EF1D18DA8E005AC289 /* Project object */;
}
